<?xml version="1.0" encoding="UTF-8" standalone="yes" ?>
<CodeBlocks_project_file>
	<FileVersion major="1" minor="6" />
	<Project>
		<Option title="Mu" />
		<Option pch_mode="2" />
		<Option compiler="gcc" />
		<Build>
			<Target title="Debug">
				<Option output="../../bin/Debug/Mu" prefix_auto="1" extension_auto="1" />
				<Option working_dir="../../bin/Debug/" />
				<Option object_output="obj/Debug/" />
				<Option type="1" />
				<Option compiler="gcc" />
				<Option host_application="Mu/mu-codeblocks/Mu.cbp" />
				<Compiler>
					<Add option="-g" />
				</Compiler>
			</Target>
			<Target title="Release">
				<Option output="../../bin/Release/Mu" prefix_auto="1" extension_auto="1" />
				<Option working_dir="../../bin/Release/" />
				<Option object_output="obj/Release/" />
				<Option type="1" />
				<Option compiler="gcc" />
				<Compiler>
					<Add option="-O2" />
				</Compiler>
				<Linker>
					<Add option="-s" />
				</Linker>
			</Target>
		</Build>
		<Compiler>
			<Add option="-Wall" />
			<Add option="-D__LINUX" />
			<Add directory="../source/include" />
			<Add directory="../../common/include" />
			<Add directory="../../TinyXML/include" />
			<Add directory="../source/include/Compositors" />
			<Add directory="../source/include/Music" />
			<Add directory="../source/include/Outputs" />
		</Compiler>
		<ResourceCompiler>
			<Add directory="../source/include" />
			<Add directory="../../common/include" />
			<Add directory="../../TinyXML/include" />
			<Add directory="../source/include/Compositors" />
			<Add directory="../source/include/Music" />
			<Add directory="../source/include/Outputs" />
		</ResourceCompiler>
		<Linker>
			<Add directory="../source/include" />
			<Add directory="../../common/include" />
			<Add directory="../../TinyXML/include" />
			<Add directory="../source/include/Compositors" />
			<Add directory="../source/include/Music" />
			<Add directory="../source/include/Outputs" />
		</Linker>
		<Unit filename="../source/include/Compositors/Composer.h" />
		<Unit filename="../source/include/Compositors/ComposerDemo.h" />
		<Unit filename="../source/include/Compositors/ComposerFigBass2.h" />
		<Unit filename="../source/include/Compositors/ComposerFigMelody.h" />
		<Unit filename="../source/include/Compositors/ComposerFigMelody2.h" />
		<Unit filename="../source/include/Compositors/ComposerFigRitmo.h" />
		<Unit filename="../source/include/Compositors/ComposerFigRitmo2.h" />
		<Unit filename="../source/include/Compositors/ComposerMelodia.h" />
		<Unit filename="../source/include/Compositors/ComposerMultiple.h" />
		<Unit filename="../source/include/Compositors/ComposerRitmo.h" />
		<Unit filename="../source/include/Compositors/ComposerTimothy.h" />
		<Unit filename="../source/include/Compositors/ComposerTimothy2.h" />
		<Unit filename="../source/include/Compositors/ComposerVoice.h" />
		<Unit filename="../source/include/Compositors/PatternGen.h" />
		<Unit filename="../source/include/Compositors/Patterns.h" />
		<Unit filename="../source/include/Mu.h" />
		<Unit filename="../source/include/Music/Acorde.h" />
		<Unit filename="../source/include/Music/FigureMusic.h" />
		<Unit filename="../source/include/Music/FiguresMusic.h" />
		<Unit filename="../source/include/Music/Music.h" />
		<Unit filename="../source/include/Music/Nota.h" />
		<Unit filename="../source/include/Music/Segmento.h" />
		<Unit filename="../source/include/Music/Segmentos.h" />
		<Unit filename="../source/include/Music/Simbolo.h" />
		<Unit filename="../source/include/Music/Simbolos.h" />
		<Unit filename="../source/include/Music/TableScale.h" />
		<Unit filename="../source/include/Music/Voces.h" />
		<Unit filename="../source/include/Music/Voz.h" />
		<Unit filename="../source/include/Music/instruments.h" />
		<Unit filename="../source/include/Music/music_const.h" />
		<Unit filename="../source/include/Music/music_elements.h" />
		<Unit filename="../source/include/Outputs/Midizator.h" />
		<Unit filename="../source/include/Outputs/MidizatorABC.h" />
		<Unit filename="../source/include/Outputs/MidizatorWAV.h" />
		<Unit filename="../source/include/Outputs/TableTransform.h" />
		<Unit filename="../source/src/Compositors/Composer.cpp" />
		<Unit filename="../source/src/Compositors/ComposerDemo.cpp" />
		<Unit filename="../source/src/Compositors/ComposerMelodia.cpp" />
		<Unit filename="../source/src/Compositors/ComposerMultiple.cpp" />
		<Unit filename="../source/src/Compositors/ComposerRitmo.cpp" />
		<Unit filename="../source/src/Compositors/ComposerTimothy.cpp" />
		<Unit filename="../source/src/Compositors/ComposerTimothy2.cpp" />
		<Unit filename="../source/src/Compositors/ComposerVoice.cpp" />
		<Unit filename="../source/src/Compositors/PatternGen.cpp" />
		<Unit filename="../source/src/Compositors/composerFigBass2.cpp" />
		<Unit filename="../source/src/Compositors/composerFigMelody.cpp" />
		<Unit filename="../source/src/Compositors/composerFigMelody2.cpp" />
		<Unit filename="../source/src/Compositors/composerFigRitmo.cpp" />
		<Unit filename="../source/src/Compositors/composerFigRitmo2.cpp" />
		<Unit filename="../source/src/Mu.cpp" />
		<Unit filename="../source/src/Music/Acorde.cpp" />
		<Unit filename="../source/src/Music/FigureMusic.cpp" />
		<Unit filename="../source/src/Music/FiguresMusic.cpp" />
		<Unit filename="../source/src/Music/Music.cpp" />
		<Unit filename="../source/src/Music/Nota.cpp" />
		<Unit filename="../source/src/Music/Segmento.cpp" />
		<Unit filename="../source/src/Music/Segmentos.cpp" />
		<Unit filename="../source/src/Music/Simbolo.cpp" />
		<Unit filename="../source/src/Music/Simbolos.cpp" />
		<Unit filename="../source/src/Music/Voces.cpp" />
		<Unit filename="../source/src/Music/Voz.cpp" />
		<Unit filename="../source/src/Output/Midizator.cpp" />
		<Unit filename="../source/src/Output/MidizatorABC.cpp" />
		<Unit filename="../source/src/Output/MidizatorWAV.cpp" />
		<Unit filename="../../TinyXML/include/tinystr.h" />
		<Unit filename="../../TinyXML/include/tinyxml.h" />
		<Unit filename="../../TinyXML/src/tinystr.cpp" />
		<Unit filename="../../TinyXML/src/tinyxml.cpp" />
		<Unit filename="../../TinyXML/src/tinyxmlerror.cpp" />
		<Unit filename="../../TinyXML/src/tinyxmlparser.cpp" />
		<Unit filename="../../common/include/Conf.h" />
		<Unit filename="../../common/include/Figura.h" />
		<Unit filename="../../common/include/Figuras.h" />
		<Unit filename="../../common/include/UsrConf.h" />
		<Unit filename="../../common/include/Vertice.h" />
		<Unit filename="../../common/include/aux_functions.h" />
		<Unit filename="../../common/include/aux_structs.h" />
		<Unit filename="../../common/include/launcher.h" />
		<Unit filename="../../common/include/math_functions.h" />
		<Unit filename="../../common/src/Conf.cpp" />
		<Unit filename="../../common/src/Figura.cpp" />
		<Unit filename="../../common/src/Figuras.cpp" />
		<Unit filename="../../common/src/UsrConf.cpp" />
		<Unit filename="../../common/src/Vertice.cpp" />
		<Unit filename="../../common/src/launcher.cpp" />
		<Extensions>
			<code_completion />
			<debugger />
			<envvars />
		</Extensions>
	</Project>
</CodeBlocks_project_file>
