<?xml version="1.0" encoding="UTF-8" standalone="yes" ?>
<CodeBlocks_project_file>
	<FileVersion major="1" minor="6" />
	<Project>
		<Option title="Mu" />
		<Option pch_mode="2" />
		<Option compiler="gcc" />
		<Build>
			<Target title="Debug">
				<Option output="..\..\bin\Debug\Mu" prefix_auto="1" extension_auto="1" />
				<Option working_dir="..\..\bin\Debug\" />
				<Option object_output="obj\Debug\" />
				<Option type="1" />
				<Option compiler="gcc" />
				<Option host_application="Mu\mu-codeblocks\Mu.cbp" />
				<Compiler>
					<Add option="-g" />
				</Compiler>
			</Target>
			<Target title="Release">
				<Option output="..\..\bin\Release\Mu" prefix_auto="1" extension_auto="1" />
				<Option working_dir="..\..\bin\Release\" />
				<Option object_output="obj\Release\" />
				<Option type="1" />
				<Option compiler="gcc" />
				<Compiler>
					<Add option="-O2" />
				</Compiler>
				<Linker>
					<Add option="-s" />
				</Linker>
			</Target>
		</Build>
		<Compiler>
			<Add option="-Wall" />
			<Add option="-D__LINUX" />
			<Add directory="..\source\include" />
			<Add directory="..\..\common\include" />
			<Add directory="..\..\TinyXML\include" />
		</Compiler>
		<ResourceCompiler>
			<Add directory="..\source\include" />
			<Add directory="..\..\common\include" />
			<Add directory="..\..\TinyXML\include" />
		</ResourceCompiler>
		<Linker>
			<Add directory="..\source\include" />
			<Add directory="..\..\common\include" />
			<Add directory="..\..\TinyXML\include" />
		</Linker>
		<Unit filename="..\source\include\Acorde.h" />
		<Unit filename="..\source\include\Composer.h" />
		<Unit filename="..\source\include\ComposerDemo.h" />
		<Unit filename="..\source\include\ComposerRitmo.h" />
		<Unit filename="..\source\include\Conf.h" />
		<Unit filename="..\source\include\Figura.h" />
		<Unit filename="..\source\include\Figuras.h" />
		<Unit filename="..\source\include\Midizator.h" />
		<Unit filename="..\source\include\MidizatorABC.h" />
		<Unit filename="..\source\include\Mu.h" />
		<Unit filename="..\source\include\Music.h" />
		<Unit filename="..\source\include\Nota.h" />
		<Unit filename="..\source\include\PatternGen.h" />
		<Unit filename="..\source\include\Patterns.h" />
		<Unit filename="..\source\include\Segmento.h" />
		<Unit filename="..\source\include\Segmentos.h" />
		<Unit filename="..\source\include\Simbolo.h" />
		<Unit filename="..\source\include\Simbolos.h" />
		<Unit filename="..\source\include\UsrConf.h" />
		<Unit filename="..\source\include\Vertice.h" />
		<Unit filename="..\source\include\Voces.h" />
		<Unit filename="..\source\include\Voz.h" />
		<Unit filename="..\source\include\XML_Interface.h" />
		<Unit filename="..\source\include\music_elements.h" />
		<Unit filename="..\source\src\Acorde.cpp" />
		<Unit filename="..\source\src\Composer.cpp" />
		<Unit filename="..\source\src\ComposerDemo.cpp" />
		<Unit filename="..\source\src\ComposerRitmo.cpp" />
		<Unit filename="..\source\src\Conf.cpp" />
		<Unit filename="..\source\src\Figura.cpp" />
		<Unit filename="..\source\src\Figuras.cpp" />
		<Unit filename="..\source\src\Midizator.cpp" />
		<Unit filename="..\source\src\MidizatorABC.cpp" />
		<Unit filename="..\source\src\Mu.cpp" />
		<Unit filename="..\source\src\Music.cpp" />
		<Unit filename="..\source\src\Nota.cpp" />
		<Unit filename="..\source\src\PatternGen.cpp" />
		<Unit filename="..\source\src\Segmento.cpp" />
		<Unit filename="..\source\src\Segmentos.cpp" />
		<Unit filename="..\source\src\Simbolo.cpp" />
		<Unit filename="..\source\src\Simbolos.cpp" />
		<Unit filename="..\source\src\UsrConf.cpp" />
		<Unit filename="..\source\src\Vertice.cpp" />
		<Unit filename="..\source\src\Voces.cpp" />
		<Unit filename="..\source\src\Voz.cpp" />
		<Unit filename="..\source\src\XML_Interface.cpp" />
		<Unit filename="..\..\TinyXML\include\tinystr.h" />
		<Unit filename="..\..\TinyXML\include\tinyxml.h" />
		<Unit filename="..\..\TinyXML\src\tinystr.cpp" />
		<Unit filename="..\..\TinyXML\src\tinyxml.cpp" />
		<Unit filename="..\..\TinyXML\src\tinyxmlerror.cpp" />
		<Unit filename="..\..\TinyXML\src\tinyxmlparser.cpp" />
		<Unit filename="..\..\common\include\aux_functions.h" />
		<Extensions>
			<code_completion />
			<debugger />
			<envvars />
		</Extensions>
	</Project>
</CodeBlocks_project_file>
