<?xml version="1.0" encoding="utf-8"?>
<Project ToolsVersion="4.0" xmlns="http://schemas.microsoft.com/developer/msbuild/2003">
  <ItemGroup>
    <Filter Include="Archivos de código fuente">
      <UniqueIdentifier>{4FC737F1-C7A5-4376-A066-2A32D752A2FF}</UniqueIdentifier>
      <Extensions>cpp;c;cc;cxx;def;odl;idl;hpj;bat;asm;asmx</Extensions>
    </Filter>
    <Filter Include="Archivos de encabezado">
      <UniqueIdentifier>{93995380-89BD-4b04-88EB-625FBE52EBFB}</UniqueIdentifier>
      <Extensions>h;hpp;hxx;hm;inl;inc;xsd</Extensions>
    </Filter>
    <Filter Include="Archivos de recursos">
      <UniqueIdentifier>{67DA6AB6-F800-4c08-8B7A-83BB121AAD01}</UniqueIdentifier>
      <Extensions>rc;ico;cur;bmp;dlg;rc2;rct;bin;rgs;gif;jpg;jpeg;jpe;resx;tiff;tif;png;wav;mfcribbon-ms</Extensions>
    </Filter>
    <Filter Include="Archivos de código fuente\Commons">
      <UniqueIdentifier>{982afcff-96bf-4596-a673-424718692959}</UniqueIdentifier>
    </Filter>
    <Filter Include="Archivos de encabezado\Commons">
      <UniqueIdentifier>{89d9e000-2c4c-4003-827a-ebb31d5a467b}</UniqueIdentifier>
    </Filter>
    <Filter Include="Archivos de encabezado\TinyXML">
      <UniqueIdentifier>{20f013c1-a7cf-4415-b409-733a4ead97b2}</UniqueIdentifier>
    </Filter>
    <Filter Include="Archivos de código fuente\TinyXML">
      <UniqueIdentifier>{e61bc628-5446-4356-b043-8b2e444557ad}</UniqueIdentifier>
    </Filter>
  </ItemGroup>
  <ItemGroup>
    <ClInclude Include="..\source\include\Phic.h">
      <Filter>Archivos de encabezado</Filter>
    </ClInclude>
    <ClInclude Include="..\source\include\PolygonMaker.h">
      <Filter>Archivos de encabezado</Filter>
    </ClInclude>
    <ClInclude Include="..\source\include\FigureImg.h">
      <Filter>Archivos de encabezado</Filter>
    </ClInclude>
    <ClInclude Include="..\source\include\RegionMaker.h">
      <Filter>Archivos de encabezado</Filter>
    </ClInclude>
    <ClInclude Include="..\source\include\aux_elements.h">
      <Filter>Archivos de encabezado\Commons</Filter>
    </ClInclude>
    <ClInclude Include="..\..\common\include\Figura.h">
      <Filter>Archivos de encabezado\Commons</Filter>
    </ClInclude>
    <ClInclude Include="..\..\common\include\Figuras.h">
      <Filter>Archivos de encabezado\Commons</Filter>
    </ClInclude>
    <ClInclude Include="..\..\common\include\math_functions.h">
      <Filter>Archivos de encabezado\Commons</Filter>
    </ClInclude>
    <ClInclude Include="..\..\common\include\Vertice.h">
      <Filter>Archivos de encabezado\Commons</Filter>
    </ClInclude>
    <ClInclude Include="..\..\TinyXML\include\tinyxml.h">
      <Filter>Archivos de encabezado\TinyXML</Filter>
    </ClInclude>
    <ClInclude Include="..\..\TinyXML\include\tinystr.h">
      <Filter>Archivos de encabezado\TinyXML</Filter>
    </ClInclude>
    <ClInclude Include="..\..\common\include\UsrConf.h">
      <Filter>Archivos de encabezado</Filter>
    </ClInclude>
    <ClInclude Include="..\..\common\include\aux_functions.h">
      <Filter>Archivos de encabezado</Filter>
    </ClInclude>
  </ItemGroup>
  <ItemGroup>
    <ClCompile Include="..\source\src\Phic.cpp">
      <Filter>Archivos de código fuente</Filter>
    </ClCompile>
    <ClCompile Include="..\source\src\PolygonMaker.cpp">
      <Filter>Archivos de código fuente</Filter>
    </ClCompile>
    <ClCompile Include="..\source\src\FigureImg.cpp">
      <Filter>Archivos de código fuente</Filter>
    </ClCompile>
    <ClCompile Include="..\source\src\RegionMaker.cpp">
      <Filter>Archivos de código fuente</Filter>
    </ClCompile>
    <ClCompile Include="..\..\common\src\Figura.cpp">
      <Filter>Archivos de código fuente\Commons</Filter>
    </ClCompile>
    <ClCompile Include="..\..\common\src\Figuras.cpp">
      <Filter>Archivos de código fuente\Commons</Filter>
    </ClCompile>
    <ClCompile Include="..\..\common\src\Vertice.cpp">
      <Filter>Archivos de código fuente\Commons</Filter>
    </ClCompile>
    <ClCompile Include="..\..\TinyXML\src\tinystr.cpp">
      <Filter>Archivos de código fuente\TinyXML</Filter>
    </ClCompile>
    <ClCompile Include="..\..\TinyXML\src\tinyxml.cpp">
      <Filter>Archivos de código fuente\TinyXML</Filter>
    </ClCompile>
    <ClCompile Include="..\..\TinyXML\src\tinyxmlerror.cpp">
      <Filter>Archivos de código fuente\TinyXML</Filter>
    </ClCompile>
    <ClCompile Include="..\..\TinyXML\src\tinyxmlparser.cpp">
      <Filter>Archivos de código fuente\TinyXML</Filter>
    </ClCompile>
    <ClCompile Include="..\..\common\src\UsrConf.cpp">
      <Filter>Archivos de código fuente</Filter>
    </ClCompile>
  </ItemGroup>
</Project>