<?xml version="1.0" encoding="UTF-8" standalone="yes" ?>
<CodeBlocks_project_file>
	<FileVersion major="1" minor="6" />
	<Project>
		<Option title="Phic" />
		<Option pch_mode="2" />
		<Option compiler="gcc" />
		<Build>
			<Target title="Debug">
				<Option output="../../bin/Debug/Phic" prefix_auto="1" extension_auto="1" />
				<Option working_dir="../../bin/Debug/" />
				<Option object_output="obj/Debug/" />
				<Option type="1" />
				<Option compiler="gcc" />
				<Compiler>
					<Add option="-g" />
				</Compiler>
			</Target>
			<Target title="Release">
				<Option output="../../bin/Release/Phic" prefix_auto="1" extension_auto="1" />
				<Option working_dir="../../bin/Release/" />
				<Option object_output="obj/Release/" />
				<Option type="1" />
				<Option compiler="gcc" />
				<Compiler>
					<Add option="-O2" />
				</Compiler>
				<Linker>
					<Add option="-s" />
				</Linker>
			</Target>
		</Build>
		<Compiler>
			<Add option="-Wall" />
			<Add directory="../source/include" />
			<Add directory="../ext/include/opencv" />
			<Add directory="../ext/include" />
			<Add directory="../../TinyXML/include" />
			<Add directory="../../common/include" />
			<Add directory="../ext/include-ext" />
		</Compiler>
		<ResourceCompiler>
			<Add directory="../source/include" />
		</ResourceCompiler>
		<Linker>
			<Add library="../ext/libs-gcc/libopencv_core.so" />
			<Add library="../ext/libs-gcc/libopencv_highgui.so" />
			<Add library="../ext/libs-gcc/libopencv_imgproc.so" />
			<Add directory="../source/include" />
			<Add directory="../ext/libs-gcc" />
			<Add directory="../ext/libs-gcc-ext" />
			<Add directory="../ext/include-ext" />
		</Linker>
		<Unit filename="../source/include/Analizer.h" />
		<Unit filename="../source/include/FigureImg.h" />
		<Unit filename="../source/include/Phic.h" />
		<Unit filename="../source/include/aux_elements.h" />
		<Unit filename="../source/src/Analizer.cpp" />
		<Unit filename="../source/src/FigureImg.cpp" />
		<Unit filename="../source/src/Phic.cpp" />
		<Unit filename="../../TinyXML/include/tinystr.h" />
		<Unit filename="../../TinyXML/include/tinyxml.h" />
		<Unit filename="../../TinyXML/src/tinystr.cpp" />
		<Unit filename="../../TinyXML/src/tinyxml.cpp" />
		<Unit filename="../../TinyXML/src/tinyxmlerror.cpp" />
		<Unit filename="../../TinyXML/src/tinyxmlparser.cpp" />
		<Unit filename="../../common/include/Conf.h" />
		<Unit filename="../../common/include/Figura.h" />
		<Unit filename="../../common/include/Figuras.h" />
		<Unit filename="../../common/include/UsrConf.h" />
		<Unit filename="../../common/include/Vertice.h" />
		<Unit filename="../../common/include/aux_functions.h" />
		<Unit filename="../../common/include/aux_structs.h" />
		<Unit filename="../../common/include/math_functions.h" />
		<Unit filename="../../common/src/Conf.cpp" />
		<Unit filename="../../common/src/Figura.cpp" />
		<Unit filename="../../common/src/Figuras.cpp" />
		<Unit filename="../../common/src/UsrConf.cpp" />
		<Unit filename="../../common/src/Vertice.cpp" />
		<Extensions>
			<code_completion />
			<debugger />
		</Extensions>
	</Project>
</CodeBlocks_project_file>
