<?xml version="1.0" encoding="utf-8"?>
<Project ToolsVersion="4.0" xmlns="http://schemas.microsoft.com/developer/msbuild/2003">
  <ItemGroup>
    <Filter Include="Archivos de código fuente">
      <UniqueIdentifier>{4FC737F1-C7A5-4376-A066-2A32D752A2FF}</UniqueIdentifier>
      <Extensions>cpp;c;cc;cxx;def;odl;idl;hpj;bat;asm;asmx</Extensions>
    </Filter>
    <Filter Include="Archivos de recursos">
      <UniqueIdentifier>{67DA6AB6-F800-4c08-8B7A-83BB121AAD01}</UniqueIdentifier>
      <Extensions>rc;ico;cur;bmp;dlg;rc2;rct;bin;rgs;gif;jpg;jpeg;jpe;resx;tiff;tif;png;wav;mfcribbon-ms</Extensions>
    </Filter>
    <Filter Include="Archivos de encabezado">
      <UniqueIdentifier>{93995380-89BD-4b04-88EB-625FBE52EBFB}</UniqueIdentifier>
      <Extensions>h;hpp;hxx;hm;inl;inc;xsd</Extensions>
    </Filter>
  </ItemGroup>
  <ItemGroup>
    <ClInclude Include="..\source\include\Composer.h">
      <Filter>Archivos de encabezado</Filter>
    </ClInclude>
    <ClInclude Include="..\source\include\Conf.h">
      <Filter>Archivos de encabezado</Filter>
    </ClInclude>
    <ClInclude Include="..\source\include\Mu.h">
      <Filter>Archivos de encabezado</Filter>
    </ClInclude>
    <ClInclude Include="..\source\include\Music.h">
      <Filter>Archivos de encabezado</Filter>
    </ClInclude>
    <ClInclude Include="..\source\include\Simbolo.h">
      <Filter>Archivos de encabezado</Filter>
    </ClInclude>
    <ClInclude Include="..\source\include\Simbolos.h">
      <Filter>Archivos de encabezado</Filter>
    </ClInclude>
    <ClInclude Include="..\source\include\UsrConf.h">
      <Filter>Archivos de encabezado</Filter>
    </ClInclude>
    <ClInclude Include="..\source\include\Voces.h">
      <Filter>Archivos de encabezado</Filter>
    </ClInclude>
    <ClInclude Include="..\source\include\Voz.h">
      <Filter>Archivos de encabezado</Filter>
    </ClInclude>
    <ClInclude Include="..\source\include\XML_Interface.h">
      <Filter>Archivos de encabezado</Filter>
    </ClInclude>
    <ClInclude Include="..\source\include\ComposerDemo.h">
      <Filter>Archivos de encabezado</Filter>
    </ClInclude>
    <ClInclude Include="..\..\TinyXML\include\tinystr.h">
      <Filter>Archivos de encabezado</Filter>
    </ClInclude>
    <ClInclude Include="..\..\TinyXML\include\tinyxml.h">
      <Filter>Archivos de encabezado</Filter>
    </ClInclude>
    <ClInclude Include="..\source\include\MidizatorABC.h">
      <Filter>Archivos de encabezado</Filter>
    </ClInclude>
    <ClInclude Include="..\..\common\include\aux_functions.h">
      <Filter>Archivos de encabezado</Filter>
    </ClInclude>
    <ClInclude Include="..\source\include\Segmento.h">
      <Filter>Archivos de encabezado</Filter>
    </ClInclude>
    <ClInclude Include="..\source\include\Segmentos.h">
      <Filter>Archivos de encabezado</Filter>
    </ClInclude>
    <ClInclude Include="..\source\include\music_elements.h">
      <Filter>Archivos de encabezado</Filter>
    </ClInclude>
    <ClInclude Include="..\source\include\Acorde.h">
      <Filter>Archivos de encabezado</Filter>
    </ClInclude>
    <ClInclude Include="..\source\include\Nota.h">
      <Filter>Archivos de encabezado</Filter>
    </ClInclude>
    <ClInclude Include="..\source\include\Midizator.h">
      <Filter>Archivos de encabezado</Filter>
    </ClInclude>
    <ClInclude Include="..\source\include\Figura.h">
      <Filter>Archivos de encabezado</Filter>
    </ClInclude>
    <ClInclude Include="..\source\include\Figuras.h">
      <Filter>Archivos de encabezado</Filter>
    </ClInclude>
    <ClInclude Include="..\source\include\PatternGen.h">
      <Filter>Archivos de encabezado</Filter>
    </ClInclude>
    <ClInclude Include="..\source\include\Patterns.h">
      <Filter>Archivos de encabezado</Filter>
    </ClInclude>
    <ClInclude Include="..\source\include\Vertice.h">
      <Filter>Archivos de encabezado</Filter>
    </ClInclude>
    <ClInclude Include="..\source\include\ComposerRitmo.h">
      <Filter>Archivos de encabezado</Filter>
    </ClInclude>
    <ClInclude Include="..\..\common\include\launcher.h">
      <Filter>Archivos de encabezado</Filter>
    </ClInclude>
    <ClInclude Include="..\source\include\ComposerMultiple.h">
      <Filter>Archivos de encabezado</Filter>
    </ClInclude>
    <ClInclude Include="..\source\include\instruments.h">
      <Filter>Archivos de encabezado</Filter>
    </ClInclude>
    <ClInclude Include="..\source\include\ComposerMelodia.h">
      <Filter>Archivos de encabezado</Filter>
    </ClInclude>
    <ClInclude Include="..\source\include\TableTransform.h">
      <Filter>Archivos de encabezado</Filter>
    </ClInclude>
    <ClInclude Include="..\source\include\music_const.h">
      <Filter>Archivos de encabezado</Filter>
    </ClInclude>
    <ClInclude Include="..\source\include\TableScale.h">
      <Filter>Archivos de encabezado</Filter>
    </ClInclude>
    <ClInclude Include="..\source\include\ComposerFigMelody.h">
      <Filter>Archivos de encabezado</Filter>
    </ClInclude>
    <ClInclude Include="..\source\include\math_functions.h">
      <Filter>Archivos de encabezado</Filter>
    </ClInclude>
    <ClInclude Include="..\source\include\ComposerFigRitmo.h">
      <Filter>Archivos de encabezado</Filter>
    </ClInclude>
    <ClInclude Include="..\source\include\ComposerTimothy.h">
      <Filter>Archivos de encabezado</Filter>
    </ClInclude>
    <ClInclude Include="..\source\include\FigureMusic.h">
      <Filter>Archivos de encabezado</Filter>
    </ClInclude>
    <ClInclude Include="..\source\include\FiguresMusic.h">
      <Filter>Archivos de encabezado</Filter>
    </ClInclude>
    <ClInclude Include="..\source\include\FigureImg.h">
      <Filter>Archivos de encabezado</Filter>
    </ClInclude>
    <ClInclude Include="..\source\include\MidizatorWAV.h">
      <Filter>Archivos de encabezado</Filter>
    </ClInclude>
  </ItemGroup>
  <ItemGroup>
    <ClCompile Include="..\source\src\Composer.cpp">
      <Filter>Archivos de código fuente</Filter>
    </ClCompile>
    <ClCompile Include="..\source\src\Conf.cpp">
      <Filter>Archivos de código fuente</Filter>
    </ClCompile>
    <ClCompile Include="..\source\src\Midizator.cpp">
      <Filter>Archivos de código fuente</Filter>
    </ClCompile>
    <ClCompile Include="..\source\src\Mu.cpp">
      <Filter>Archivos de código fuente</Filter>
    </ClCompile>
    <ClCompile Include="..\source\src\Music.cpp">
      <Filter>Archivos de código fuente</Filter>
    </ClCompile>
    <ClCompile Include="..\source\src\Simbolo.cpp">
      <Filter>Archivos de código fuente</Filter>
    </ClCompile>
    <ClCompile Include="..\source\src\Simbolos.cpp">
      <Filter>Archivos de código fuente</Filter>
    </ClCompile>
    <ClCompile Include="..\source\src\UsrConf.cpp">
      <Filter>Archivos de código fuente</Filter>
    </ClCompile>
    <ClCompile Include="..\source\src\Voces.cpp">
      <Filter>Archivos de código fuente</Filter>
    </ClCompile>
    <ClCompile Include="..\source\src\Voz.cpp">
      <Filter>Archivos de código fuente</Filter>
    </ClCompile>
    <ClCompile Include="..\source\src\XML_Interface.cpp">
      <Filter>Archivos de código fuente</Filter>
    </ClCompile>
    <ClCompile Include="..\source\src\ComposerDemo.cpp">
      <Filter>Archivos de código fuente</Filter>
    </ClCompile>
    <ClCompile Include="..\..\TinyXML\src\tinystr.cpp">
      <Filter>Archivos de código fuente</Filter>
    </ClCompile>
    <ClCompile Include="..\..\TinyXML\src\tinyxml.cpp">
      <Filter>Archivos de código fuente</Filter>
    </ClCompile>
    <ClCompile Include="..\..\TinyXML\src\tinyxmlerror.cpp">
      <Filter>Archivos de código fuente</Filter>
    </ClCompile>
    <ClCompile Include="..\..\TinyXML\src\tinyxmlparser.cpp">
      <Filter>Archivos de código fuente</Filter>
    </ClCompile>
    <ClCompile Include="..\source\src\MidizatorABC.cpp">
      <Filter>Archivos de código fuente</Filter>
    </ClCompile>
    <ClCompile Include="..\source\src\Segmento.cpp">
      <Filter>Archivos de código fuente</Filter>
    </ClCompile>
    <ClCompile Include="..\source\src\Segmentos.cpp">
      <Filter>Archivos de código fuente</Filter>
    </ClCompile>
    <ClCompile Include="..\source\src\Acorde.cpp">
      <Filter>Archivos de código fuente</Filter>
    </ClCompile>
    <ClCompile Include="..\source\src\Nota.cpp">
      <Filter>Archivos de código fuente</Filter>
    </ClCompile>
    <ClCompile Include="..\source\src\Figuras.cpp">
      <Filter>Archivos de código fuente</Filter>
    </ClCompile>
    <ClCompile Include="..\source\src\Figura.cpp">
      <Filter>Archivos de código fuente</Filter>
    </ClCompile>
    <ClCompile Include="..\source\src\PatternGen.cpp">
      <Filter>Archivos de código fuente</Filter>
    </ClCompile>
    <ClCompile Include="..\source\src\Vertice.cpp">
      <Filter>Archivos de código fuente</Filter>
    </ClCompile>
    <ClCompile Include="..\source\src\ComposerRitmo.cpp">
      <Filter>Archivos de código fuente</Filter>
    </ClCompile>
    <ClCompile Include="..\..\common\src\launcher.cpp">
      <Filter>Archivos de código fuente</Filter>
    </ClCompile>
    <ClCompile Include="..\source\src\ComposerMultiple.cpp">
      <Filter>Archivos de código fuente</Filter>
    </ClCompile>
    <ClCompile Include="..\source\src\ComposerMelodia.cpp">
      <Filter>Archivos de código fuente</Filter>
    </ClCompile>
    <ClCompile Include="..\source\src\composerFigMelody.cpp">
      <Filter>Archivos de código fuente</Filter>
    </ClCompile>
    <ClCompile Include="..\source\src\composerFigRitmo.cpp">
      <Filter>Archivos de código fuente</Filter>
    </ClCompile>
    <ClCompile Include="..\source\src\ComposerTimothy.cpp">
      <Filter>Archivos de código fuente</Filter>
    </ClCompile>
    <ClCompile Include="..\source\src\FigureMusic.cpp">
      <Filter>Archivos de código fuente</Filter>
    </ClCompile>
    <ClCompile Include="..\source\src\FiguresMusic.cpp">
      <Filter>Archivos de código fuente</Filter>
    </ClCompile>
    <ClCompile Include="..\source\src\FigureImg.cpp">
      <Filter>Archivos de código fuente</Filter>
    </ClCompile>
    <ClCompile Include="..\source\src\MidizatorWAV.cpp">
      <Filter>Archivos de código fuente</Filter>
    </ClCompile>
  </ItemGroup>
</Project>