<?xml version="1.0" encoding="utf-8"?>
<Project ToolsVersion="4.0" xmlns="http://schemas.microsoft.com/developer/msbuild/2003">
  <ItemGroup>
    <Filter Include="Archivos de código fuente">
      <UniqueIdentifier>{4FC737F1-C7A5-4376-A066-2A32D752A2FF}</UniqueIdentifier>
      <Extensions>cpp;c;cc;cxx;def;odl;idl;hpj;bat;asm;asmx</Extensions>
    </Filter>
    <Filter Include="Archivos de recursos">
      <UniqueIdentifier>{67DA6AB6-F800-4c08-8B7A-83BB121AAD01}</UniqueIdentifier>
      <Extensions>rc;ico;cur;bmp;dlg;rc2;rct;bin;rgs;gif;jpg;jpeg;jpe;resx;tiff;tif;png;wav;mfcribbon-ms</Extensions>
    </Filter>
    <Filter Include="Archivos de encabezado">
      <UniqueIdentifier>{93995380-89BD-4b04-88EB-625FBE52EBFB}</UniqueIdentifier>
      <Extensions>h;hpp;hxx;hm;inl;inc;xsd</Extensions>
    </Filter>
    <Filter Include="Archivos de código fuente\Music">
      <UniqueIdentifier>{6028e36f-ed99-484b-a637-6099dd200d10}</UniqueIdentifier>
    </Filter>
    <Filter Include="Archivos de código fuente\Compositors">
      <UniqueIdentifier>{5a5660bf-e606-497e-a533-a38d829756ba}</UniqueIdentifier>
    </Filter>
    <Filter Include="Archivos de encabezado\Music">
      <UniqueIdentifier>{ca28a60d-73ce-4bdb-a9af-0da1a6b408ad}</UniqueIdentifier>
    </Filter>
    <Filter Include="Archivos de encabezado\Compositors">
      <UniqueIdentifier>{097db09f-fa0c-4be5-baa9-df5a772fdd1b}</UniqueIdentifier>
    </Filter>
    <Filter Include="Archivos de encabezado\TinyXML">
      <UniqueIdentifier>{5a20ebae-391b-44c3-bfda-1880c38b9095}</UniqueIdentifier>
    </Filter>
    <Filter Include="Archivos de encabezado\Commons">
      <UniqueIdentifier>{75363557-a929-402b-a7d3-7ad3a740e3f3}</UniqueIdentifier>
    </Filter>
    <Filter Include="Archivos de encabezado\Outputs">
      <UniqueIdentifier>{48f4f957-76ea-4744-916c-babd22d051be}</UniqueIdentifier>
    </Filter>
    <Filter Include="Archivos de código fuente\Outputs">
      <UniqueIdentifier>{6e558cf0-ea2a-4123-ba34-c6b39fe55026}</UniqueIdentifier>
    </Filter>
    <Filter Include="Archivos de código fuente\Commons">
      <UniqueIdentifier>{39073c2f-5218-4177-bcb3-d9b2987d3e6e}</UniqueIdentifier>
    </Filter>
    <Filter Include="Archivos de código fuente\TinyXML">
      <UniqueIdentifier>{26bdeca8-4bed-4f1b-8a53-35a0a7499690}</UniqueIdentifier>
    </Filter>
  </ItemGroup>
  <ItemGroup>
    <ClInclude Include="..\source\include\Music\Acorde.h">
      <Filter>Archivos de encabezado\Music</Filter>
    </ClInclude>
    <ClInclude Include="..\source\include\Music\FigureMusic.h">
      <Filter>Archivos de encabezado\Music</Filter>
    </ClInclude>
    <ClInclude Include="..\source\include\Music\FiguresMusic.h">
      <Filter>Archivos de encabezado\Music</Filter>
    </ClInclude>
    <ClInclude Include="..\source\include\Music\instruments.h">
      <Filter>Archivos de encabezado\Music</Filter>
    </ClInclude>
    <ClInclude Include="..\source\include\Music\Music.h">
      <Filter>Archivos de encabezado\Music</Filter>
    </ClInclude>
    <ClInclude Include="..\source\include\Music\music_const.h">
      <Filter>Archivos de encabezado\Music</Filter>
    </ClInclude>
    <ClInclude Include="..\source\include\Music\music_elements.h">
      <Filter>Archivos de encabezado\Music</Filter>
    </ClInclude>
    <ClInclude Include="..\source\include\Music\Nota.h">
      <Filter>Archivos de encabezado\Music</Filter>
    </ClInclude>
    <ClInclude Include="..\source\include\Music\Segmento.h">
      <Filter>Archivos de encabezado\Music</Filter>
    </ClInclude>
    <ClInclude Include="..\source\include\Music\Segmentos.h">
      <Filter>Archivos de encabezado\Music</Filter>
    </ClInclude>
    <ClInclude Include="..\source\include\Music\Simbolo.h">
      <Filter>Archivos de encabezado\Music</Filter>
    </ClInclude>
    <ClInclude Include="..\source\include\Music\Simbolos.h">
      <Filter>Archivos de encabezado\Music</Filter>
    </ClInclude>
    <ClInclude Include="..\source\include\Music\TableScale.h">
      <Filter>Archivos de encabezado\Music</Filter>
    </ClInclude>
    <ClInclude Include="..\source\include\Music\Voces.h">
      <Filter>Archivos de encabezado\Music</Filter>
    </ClInclude>
    <ClInclude Include="..\source\include\Music\Voz.h">
      <Filter>Archivos de encabezado\Music</Filter>
    </ClInclude>
    <ClInclude Include="..\..\TinyXML\include\tinystr.h">
      <Filter>Archivos de encabezado\TinyXML</Filter>
    </ClInclude>
    <ClInclude Include="..\..\TinyXML\include\tinyxml.h">
      <Filter>Archivos de encabezado\TinyXML</Filter>
    </ClInclude>
    <ClInclude Include="..\..\common\include\aux_functions.h">
      <Filter>Archivos de encabezado\Commons</Filter>
    </ClInclude>
    <ClInclude Include="..\..\common\include\aux_structs.h">
      <Filter>Archivos de encabezado\Commons</Filter>
    </ClInclude>
    <ClInclude Include="..\..\common\include\Figura.h">
      <Filter>Archivos de encabezado\Commons</Filter>
    </ClInclude>
    <ClInclude Include="..\..\common\include\Figuras.h">
      <Filter>Archivos de encabezado\Commons</Filter>
    </ClInclude>
    <ClInclude Include="..\..\common\include\math_functions.h">
      <Filter>Archivos de encabezado\Commons</Filter>
    </ClInclude>
    <ClInclude Include="..\..\common\include\launcher.h">
      <Filter>Archivos de encabezado\Commons</Filter>
    </ClInclude>
    <ClInclude Include="..\source\include\Compositors\Composer.h">
      <Filter>Archivos de encabezado\Compositors</Filter>
    </ClInclude>
    <ClInclude Include="..\source\include\Compositors\ComposerDemo.h">
      <Filter>Archivos de encabezado\Compositors</Filter>
    </ClInclude>
    <ClInclude Include="..\source\include\Compositors\ComposerFigMelody.h">
      <Filter>Archivos de encabezado\Compositors</Filter>
    </ClInclude>
    <ClInclude Include="..\source\include\Compositors\ComposerFigRitmo.h">
      <Filter>Archivos de encabezado\Compositors</Filter>
    </ClInclude>
    <ClInclude Include="..\source\include\Compositors\ComposerMelodia.h">
      <Filter>Archivos de encabezado\Compositors</Filter>
    </ClInclude>
    <ClInclude Include="..\source\include\Compositors\ComposerMultiple.h">
      <Filter>Archivos de encabezado\Compositors</Filter>
    </ClInclude>
    <ClInclude Include="..\source\include\Compositors\ComposerRitmo.h">
      <Filter>Archivos de encabezado\Compositors</Filter>
    </ClInclude>
    <ClInclude Include="..\source\include\Compositors\ComposerTimothy.h">
      <Filter>Archivos de encabezado\Compositors</Filter>
    </ClInclude>
    <ClInclude Include="..\source\include\Compositors\PatternGen.h">
      <Filter>Archivos de encabezado\Compositors</Filter>
    </ClInclude>
    <ClInclude Include="..\source\include\Compositors\Patterns.h">
      <Filter>Archivos de encabezado\Compositors</Filter>
    </ClInclude>
    <ClInclude Include="..\..\common\include\Vertice.h">
      <Filter>Archivos de encabezado\Commons</Filter>
    </ClInclude>
    <ClInclude Include="..\source\include\Mu.h">
      <Filter>Archivos de encabezado</Filter>
    </ClInclude>
    <ClInclude Include="..\..\common\include\UsrConf.h">
      <Filter>Archivos de encabezado</Filter>
    </ClInclude>
    <ClInclude Include="..\source\include\Compositors\ComposerFigMelody2.h">
      <Filter>Archivos de encabezado\Compositors</Filter>
    </ClInclude>
    <ClInclude Include="..\source\include\Compositors\ComposerFigRitmo2.h">
      <Filter>Archivos de encabezado\Compositors</Filter>
    </ClInclude>
    <ClInclude Include="..\source\include\Compositors\ComposerTimothy2.h">
      <Filter>Archivos de encabezado\Compositors</Filter>
    </ClInclude>
    <ClInclude Include="..\source\include\Outputs\Midizator.h">
      <Filter>Archivos de encabezado\Outputs</Filter>
    </ClInclude>
    <ClInclude Include="..\source\include\Outputs\MidizatorABC.h">
      <Filter>Archivos de encabezado\Outputs</Filter>
    </ClInclude>
    <ClInclude Include="..\source\include\Outputs\MidizatorWAV.h">
      <Filter>Archivos de encabezado\Outputs</Filter>
    </ClInclude>
    <ClInclude Include="..\source\include\Outputs\TableTransform.h">
      <Filter>Archivos de encabezado\Outputs</Filter>
    </ClInclude>
    <ClInclude Include="..\source\include\Compositors\ComposerFigBass2.h">
      <Filter>Archivos de encabezado\Compositors</Filter>
    </ClInclude>
  </ItemGroup>
  <ItemGroup>
    <ClCompile Include="..\source\src\Mu.cpp">
      <Filter>Archivos de código fuente</Filter>
    </ClCompile>
    <ClCompile Include="..\source\src\Music\Acorde.cpp">
      <Filter>Archivos de código fuente\Music</Filter>
    </ClCompile>
    <ClCompile Include="..\source\src\Music\FigureMusic.cpp">
      <Filter>Archivos de código fuente\Music</Filter>
    </ClCompile>
    <ClCompile Include="..\source\src\Music\FiguresMusic.cpp">
      <Filter>Archivos de código fuente\Music</Filter>
    </ClCompile>
    <ClCompile Include="..\source\src\Music\Music.cpp">
      <Filter>Archivos de código fuente\Music</Filter>
    </ClCompile>
    <ClCompile Include="..\source\src\Music\Nota.cpp">
      <Filter>Archivos de código fuente\Music</Filter>
    </ClCompile>
    <ClCompile Include="..\source\src\Music\Segmento.cpp">
      <Filter>Archivos de código fuente\Music</Filter>
    </ClCompile>
    <ClCompile Include="..\source\src\Music\Segmentos.cpp">
      <Filter>Archivos de código fuente\Music</Filter>
    </ClCompile>
    <ClCompile Include="..\source\src\Music\Simbolo.cpp">
      <Filter>Archivos de código fuente\Music</Filter>
    </ClCompile>
    <ClCompile Include="..\source\src\Music\Simbolos.cpp">
      <Filter>Archivos de código fuente\Music</Filter>
    </ClCompile>
    <ClCompile Include="..\source\src\Music\Voces.cpp">
      <Filter>Archivos de código fuente\Music</Filter>
    </ClCompile>
    <ClCompile Include="..\source\src\Music\Voz.cpp">
      <Filter>Archivos de código fuente\Music</Filter>
    </ClCompile>
    <ClCompile Include="..\source\src\Compositors\Composer.cpp">
      <Filter>Archivos de código fuente\Compositors</Filter>
    </ClCompile>
    <ClCompile Include="..\source\src\Compositors\ComposerDemo.cpp">
      <Filter>Archivos de código fuente\Compositors</Filter>
    </ClCompile>
    <ClCompile Include="..\source\src\Compositors\composerFigMelody.cpp">
      <Filter>Archivos de código fuente\Compositors</Filter>
    </ClCompile>
    <ClCompile Include="..\source\src\Compositors\composerFigRitmo.cpp">
      <Filter>Archivos de código fuente\Compositors</Filter>
    </ClCompile>
    <ClCompile Include="..\source\src\Compositors\ComposerMelodia.cpp">
      <Filter>Archivos de código fuente\Compositors</Filter>
    </ClCompile>
    <ClCompile Include="..\source\src\Compositors\ComposerMultiple.cpp">
      <Filter>Archivos de código fuente\Compositors</Filter>
    </ClCompile>
    <ClCompile Include="..\source\src\Compositors\ComposerRitmo.cpp">
      <Filter>Archivos de código fuente\Compositors</Filter>
    </ClCompile>
    <ClCompile Include="..\source\src\Compositors\ComposerTimothy.cpp">
      <Filter>Archivos de código fuente\Compositors</Filter>
    </ClCompile>
    <ClCompile Include="..\source\src\Compositors\PatternGen.cpp">
      <Filter>Archivos de código fuente\Compositors</Filter>
    </ClCompile>
    <ClCompile Include="..\source\src\Output\Midizator.cpp">
      <Filter>Archivos de código fuente\Outputs</Filter>
    </ClCompile>
    <ClCompile Include="..\source\src\Output\MidizatorABC.cpp">
      <Filter>Archivos de código fuente\Outputs</Filter>
    </ClCompile>
    <ClCompile Include="..\source\src\Output\MidizatorWAV.cpp">
      <Filter>Archivos de código fuente\Outputs</Filter>
    </ClCompile>
    <ClCompile Include="..\..\common\src\Figura.cpp">
      <Filter>Archivos de código fuente\Commons</Filter>
    </ClCompile>
    <ClCompile Include="..\..\common\src\Figuras.cpp">
      <Filter>Archivos de código fuente\Commons</Filter>
    </ClCompile>
    <ClCompile Include="..\..\common\src\launcher.cpp">
      <Filter>Archivos de código fuente\Commons</Filter>
    </ClCompile>
    <ClCompile Include="..\..\common\src\Vertice.cpp">
      <Filter>Archivos de código fuente\Commons</Filter>
    </ClCompile>
    <ClCompile Include="..\..\TinyXML\src\tinyxmlparser.cpp">
      <Filter>Archivos de código fuente\TinyXML</Filter>
    </ClCompile>
    <ClCompile Include="..\..\TinyXML\src\tinystr.cpp">
      <Filter>Archivos de código fuente\TinyXML</Filter>
    </ClCompile>
    <ClCompile Include="..\..\TinyXML\src\tinyxml.cpp">
      <Filter>Archivos de código fuente\TinyXML</Filter>
    </ClCompile>
    <ClCompile Include="..\..\TinyXML\src\tinyxmlerror.cpp">
      <Filter>Archivos de código fuente\TinyXML</Filter>
    </ClCompile>
    <ClCompile Include="..\..\common\src\UsrConf.cpp">
      <Filter>Archivos de código fuente</Filter>
    </ClCompile>
    <ClCompile Include="..\source\src\Compositors\composerFigMelody2.cpp">
      <Filter>Archivos de código fuente\Compositors</Filter>
    </ClCompile>
    <ClCompile Include="..\source\src\Compositors\composerFigRitmo2.cpp">
      <Filter>Archivos de código fuente\Compositors</Filter>
    </ClCompile>
    <ClCompile Include="..\source\src\Compositors\ComposerTimothy2.cpp">
      <Filter>Archivos de código fuente\Compositors</Filter>
    </ClCompile>
    <ClCompile Include="..\source\src\Compositors\composerFigBass2.cpp">
      <Filter>Archivos de código fuente\Compositors</Filter>
    </ClCompile>
  </ItemGroup>
</Project>